
Microsoft Visual Studio Solution File, Format Version 12.00
Project("{FAE04EC0-301F-11D3-BF4B-00C04F79EFBC}") = "WeatherMoscow", "WeatherMoscow\WeatherMoscow.csproj", "{21090C64-7384-4CFD-A0EA-111CCD7FD245}"
EndProject
Project("{FAE04EC0-301F-11D3-BF4B-00C04F79EFBC}") = "WeatherMoscow.Entities", "WeatherMoscow.Entities\WeatherMoscow.Entities.csproj", "{C27C651E-05D3-40D4-A831-8E3292111870}"
EndProject
Project("{FAE04EC0-301F-11D3-BF4B-00C04F79EFBC}") = "WeatherMoscow.Services", "WeatherMoscow.Services\WeatherMoscow.Services.csproj", "{4A3DEE1D-1A1A-4021-9F4C-6A34380F12FF}"
EndProject
Project("{FAE04EC0-301F-11D3-BF4B-00C04F79EFBC}") = "WeatherMoscow.DataAccess", "WeatherMoscow.DataAccess\WeatherMoscow.DataAccess.csproj", "{EC2FAE5D-A003-4854-A615-0E60191B025B}"
EndProject
Project("{FAE04EC0-301F-11D3-BF4B-00C04F79EFBC}") = "WeatherMoscow.Infrastructure", "WeatherMoscow.Infrastructure\WeatherMoscow.Infrastructure.csproj", "{8DE6C75C-CFB7-401A-BF57-E7ACB48ACB94}"
EndProject
Project("{FAE04EC0-301F-11D3-BF4B-00C04F79EFBC}") = "WeatherMoscow.Tests", "WeatherMoscow.Tests\WeatherMoscow.Tests.csproj", "{988230A9-7DDF-4B4F-8A20-B74635B1C5D5}"
EndProject
Global
	GlobalSection(SolutionConfigurationPlatforms) = preSolution
		Debug|Any CPU = Debug|Any CPU
		Release|Any CPU = Release|Any CPU
	EndGlobalSection
	GlobalSection(ProjectConfigurationPlatforms) = postSolution
		{21090C64-7384-4CFD-A0EA-111CCD7FD245}.Debug|Any CPU.ActiveCfg = Debug|Any CPU
		{21090C64-7384-4CFD-A0EA-111CCD7FD245}.Debug|Any CPU.Build.0 = Debug|Any CPU
		{21090C64-7384-4CFD-A0EA-111CCD7FD245}.Release|Any CPU.ActiveCfg = Release|Any CPU
		{21090C64-7384-4CFD-A0EA-111CCD7FD245}.Release|Any CPU.Build.0 = Release|Any CPU
		{C27C651E-05D3-40D4-A831-8E3292111870}.Debug|Any CPU.ActiveCfg = Debug|Any CPU
		{C27C651E-05D3-40D4-A831-8E3292111870}.Debug|Any CPU.Build.0 = Debug|Any CPU
		{C27C651E-05D3-40D4-A831-8E3292111870}.Release|Any CPU.ActiveCfg = Release|Any CPU
		{C27C651E-05D3-40D4-A831-8E3292111870}.Release|Any CPU.Build.0 = Release|Any CPU
		{4A3DEE1D-1A1A-4021-9F4C-6A34380F12FF}.Debug|Any CPU.ActiveCfg = Debug|Any CPU
		{4A3DEE1D-1A1A-4021-9F4C-6A34380F12FF}.Debug|Any CPU.Build.0 = Debug|Any CPU
		{4A3DEE1D-1A1A-4021-9F4C-6A34380F12FF}.Release|Any CPU.ActiveCfg = Release|Any CPU
		{4A3DEE1D-1A1A-4021-9F4C-6A34380F12FF}.Release|Any CPU.Build.0 = Release|Any CPU
		{EC2FAE5D-A003-4854-A615-0E60191B025B}.Debug|Any CPU.ActiveCfg = Debug|Any CPU
		{EC2FAE5D-A003-4854-A615-0E60191B025B}.Debug|Any CPU.Build.0 = Debug|Any CPU
		{EC2FAE5D-A003-4854-A615-0E60191B025B}.Release|Any CPU.ActiveCfg = Release|Any CPU
		{EC2FAE5D-A003-4854-A615-0E60191B025B}.Release|Any CPU.Build.0 = Release|Any CPU
		{8DE6C75C-CFB7-401A-BF57-E7ACB48ACB94}.Debug|Any CPU.ActiveCfg = Debug|Any CPU
		{8DE6C75C-CFB7-401A-BF57-E7ACB48ACB94}.Debug|Any CPU.Build.0 = Debug|Any CPU
		{8DE6C75C-CFB7-401A-BF57-E7ACB48ACB94}.Release|Any CPU.ActiveCfg = Release|Any CPU
		{8DE6C75C-CFB7-401A-BF57-E7ACB48ACB94}.Release|Any CPU.Build.0 = Release|Any CPU
		{988230A9-7DDF-4B4F-8A20-B74635B1C5D5}.Debug|Any CPU.ActiveCfg = Debug|Any CPU
		{988230A9-7DDF-4B4F-8A20-B74635B1C5D5}.Debug|Any CPU.Build.0 = Debug|Any CPU
		{988230A9-7DDF-4B4F-8A20-B74635B1C5D5}.Release|Any CPU.ActiveCfg = Release|Any CPU
		{988230A9-7DDF-4B4F-8A20-B74635B1C5D5}.Release|Any CPU.Build.0 = Release|Any CPU
	EndGlobalSection
EndGlobal
